
Microsoft Visual Studio Solution File, Format Version 12.00
# Visual Studio Version 17
VisualStudioVersion = 17.0.31903.59
MinimumVisualStudioVersion = 10.0.40219.1
Project("{2150E333-8FDC-42A3-9474-1A3956D46DE8}") = "src", "src", "{827E0CD3-B72D-47B6-A68D-7590B98EB39B}"
EndProject
Project("{FAE04EC0-301F-11D3-BF4B-00C04F79EFBC}") = "AIMeeting.CLI", "src\AIMeeting.CLI\AIMeeting.CLI.csproj", "{6CEA6522-EA0A-4D21-AE8C-F76D475DB087}"
EndProject
Project("{FAE04EC0-301F-11D3-BF4B-00C04F79EFBC}") = "AIMeeting.Core", "src\AIMeeting.Core\AIMeeting.Core.csproj", "{1F1E7709-E939-4890-BD52-B3F02D700A40}"
EndProject
Project("{FAE04EC0-301F-11D3-BF4B-00C04F79EFBC}") = "AIMeeting.Copilot", "src\AIMeeting.Copilot\AIMeeting.Copilot.csproj", "{CDE414D9-E835-4709-B6AE-FA90F65C8E49}"
EndProject
Project("{FAE04EC0-301F-11D3-BF4B-00C04F79EFBC}") = "AIMeeting.Infrastructure", "src\AIMeeting.Infrastructure\AIMeeting.Infrastructure.csproj", "{AB0F1A5C-CAAA-41A8-A261-B6E41C746A1E}"
EndProject
Project("{FAE04EC0-301F-11D3-BF4B-00C04F79EFBC}") = "AIMeeting.Core.Tests", "tests\AIMeeting.Core.Tests\AIMeeting.Core.Tests.csproj", "{41467B31-9F40-4005-BC47-9C9CF1699FE3}"
EndProject
Project("{FAE04EC0-301F-11D3-BF4B-00C04F79EFBC}") = "AIMeeting.Integration.Tests", "tests\AIMeeting.Integration.Tests\AIMeeting.Integration.Tests.csproj", "{C633B9F0-E174-4AE1-B0DC-21D2A2345C9E}"
EndProject
Project("{FAE04EC0-301F-11D3-BF4B-00C04F79EFBC}") = "AIMeeting.Copilot.Tests", "tests\AIMeeting.Copilot.Tests\AIMeeting.Copilot.Tests.csproj", "{05D2C994-2720-4999-A22F-D629219AF709}"
EndProject
Global
	GlobalSection(SolutionConfigurationPlatforms) = preSolution
		Debug|Any CPU = Debug|Any CPU
		Debug|x64 = Debug|x64
		Debug|x86 = Debug|x86
		Release|Any CPU = Release|Any CPU
		Release|x64 = Release|x64
		Release|x86 = Release|x86
	EndGlobalSection
	GlobalSection(ProjectConfigurationPlatforms) = postSolution
		{6CEA6522-EA0A-4D21-AE8C-F76D475DB087}.Debug|Any CPU.ActiveCfg = Debug|Any CPU
		{6CEA6522-EA0A-4D21-AE8C-F76D475DB087}.Debug|Any CPU.Build.0 = Debug|Any CPU
		{6CEA6522-EA0A-4D21-AE8C-F76D475DB087}.Debug|x64.ActiveCfg = Debug|Any CPU
		{6CEA6522-EA0A-4D21-AE8C-F76D475DB087}.Debug|x64.Build.0 = Debug|Any CPU
		{6CEA6522-EA0A-4D21-AE8C-F76D475DB087}.Debug|x86.ActiveCfg = Debug|Any CPU
		{6CEA6522-EA0A-4D21-AE8C-F76D475DB087}.Debug|x86.Build.0 = Debug|Any CPU
		{6CEA6522-EA0A-4D21-AE8C-F76D475DB087}.Release|Any CPU.ActiveCfg = Release|Any CPU
		{6CEA6522-EA0A-4D21-AE8C-F76D475DB087}.Release|Any CPU.Build.0 = Release|Any CPU
		{6CEA6522-EA0A-4D21-AE8C-F76D475DB087}.Release|x64.ActiveCfg = Release|Any CPU
		{6CEA6522-EA0A-4D21-AE8C-F76D475DB087}.Release|x64.Build.0 = Release|Any CPU
		{6CEA6522-EA0A-4D21-AE8C-F76D475DB087}.Release|x86.ActiveCfg = Release|Any CPU
		{6CEA6522-EA0A-4D21-AE8C-F76D475DB087}.Release|x86.Build.0 = Release|Any CPU
		{1F1E7709-E939-4890-BD52-B3F02D700A40}.Debug|Any CPU.ActiveCfg = Debug|Any CPU
		{1F1E7709-E939-4890-BD52-B3F02D700A40}.Debug|Any CPU.Build.0 = Debug|Any CPU
		{1F1E7709-E939-4890-BD52-B3F02D700A40}.Debug|x64.ActiveCfg = Debug|Any CPU
		{1F1E7709-E939-4890-BD52-B3F02D700A40}.Debug|x64.Build.0 = Debug|Any CPU
		{1F1E7709-E939-4890-BD52-B3F02D700A40}.Debug|x86.ActiveCfg = Debug|Any CPU
		{1F1E7709-E939-4890-BD52-B3F02D700A40}.Debug|x86.Build.0 = Debug|Any CPU
		{1F1E7709-E939-4890-BD52-B3F02D700A40}.Release|Any CPU.ActiveCfg = Release|Any CPU
		{1F1E7709-E939-4890-BD52-B3F02D700A40}.Release|Any CPU.Build.0 = Release|Any CPU
		{1F1E7709-E939-4890-BD52-B3F02D700A40}.Release|x64.ActiveCfg = Release|Any CPU
		{1F1E7709-E939-4890-BD52-B3F02D700A40}.Release|x64.Build.0 = Release|Any CPU
		{1F1E7709-E939-4890-BD52-B3F02D700A40}.Release|x86.ActiveCfg = Release|Any CPU
		{1F1E7709-E939-4890-BD52-B3F02D700A40}.Release|x86.Build.0 = Release|Any CPU
		{CDE414D9-E835-4709-B6AE-FA90F65C8E49}.Debug|Any CPU.ActiveCfg = Debug|Any CPU
		{CDE414D9-E835-4709-B6AE-FA90F65C8E49}.Debug|Any CPU.Build.0 = Debug|Any CPU
		{CDE414D9-E835-4709-B6AE-FA90F65C8E49}.Debug|x64.ActiveCfg = Debug|Any CPU
		{CDE414D9-E835-4709-B6AE-FA90F65C8E49}.Debug|x64.Build.0 = Debug|Any CPU
		{CDE414D9-E835-4709-B6AE-FA90F65C8E49}.Debug|x86.ActiveCfg = Debug|Any CPU
		{CDE414D9-E835-4709-B6AE-FA90F65C8E49}.Debug|x86.Build.0 = Debug|Any CPU
		{CDE414D9-E835-4709-B6AE-FA90F65C8E49}.Release|Any CPU.ActiveCfg = Release|Any CPU
		{CDE414D9-E835-4709-B6AE-FA90F65C8E49}.Release|Any CPU.Build.0 = Release|Any CPU
		{CDE414D9-E835-4709-B6AE-FA90F65C8E49}.Release|x64.ActiveCfg = Release|Any CPU
		{CDE414D9-E835-4709-B6AE-FA90F65C8E49}.Release|x64.Build.0 = Release|Any CPU
		{CDE414D9-E835-4709-B6AE-FA90F65C8E49}.Release|x86.ActiveCfg = Release|Any CPU
		{CDE414D9-E835-4709-B6AE-FA90F65C8E49}.Release|x86.Build.0 = Release|Any CPU
		{AB0F1A5C-CAAA-41A8-A261-B6E41C746A1E}.Debug|Any CPU.ActiveCfg = Debug|Any CPU
		{AB0F1A5C-CAAA-41A8-A261-B6E41C746A1E}.Debug|Any CPU.Build.0 = Debug|Any CPU
		{AB0F1A5C-CAAA-41A8-A261-B6E41C746A1E}.Debug|x64.ActiveCfg = Debug|Any CPU
		{AB0F1A5C-CAAA-41A8-A261-B6E41C746A1E}.Debug|x64.Build.0 = Debug|Any CPU
		{AB0F1A5C-CAAA-41A8-A261-B6E41C746A1E}.Debug|x86.ActiveCfg = Debug|Any CPU
		{AB0F1A5C-CAAA-41A8-A261-B6E41C746A1E}.Debug|x86.Build.0 = Debug|Any CPU
		{AB0F1A5C-CAAA-41A8-A261-B6E41C746A1E}.Release|Any CPU.ActiveCfg = Release|Any CPU
		{AB0F1A5C-CAAA-41A8-A261-B6E41C746A1E}.Release|Any CPU.Build.0 = Release|Any CPU
		{AB0F1A5C-CAAA-41A8-A261-B6E41C746A1E}.Release|x64.ActiveCfg = Release|Any CPU
		{AB0F1A5C-CAAA-41A8-A261-B6E41C746A1E}.Release|x64.Build.0 = Release|Any CPU
		{AB0F1A5C-CAAA-41A8-A261-B6E41C746A1E}.Release|x86.ActiveCfg = Release|Any CPU
		{AB0F1A5C-CAAA-41A8-A261-B6E41C746A1E}.Release|x86.Build.0 = Release|Any CPU
		{41467B31-9F40-4005-BC47-9C9CF1699FE3}.Debug|Any CPU.ActiveCfg = Debug|Any CPU
		{41467B31-9F40-4005-BC47-9C9CF1699FE3}.Debug|Any CPU.Build.0 = Debug|Any CPU
		{41467B31-9F40-4005-BC47-9C9CF1699FE3}.Debug|x64.ActiveCfg = Debug|Any CPU
		{41467B31-9F40-4005-BC47-9C9CF1699FE3}.Debug|x64.Build.0 = Debug|Any CPU
		{41467B31-9F40-4005-BC47-9C9CF1699FE3}.Debug|x86.ActiveCfg = Debug|Any CPU
		{41467B31-9F40-4005-BC47-9C9CF1699FE3}.Debug|x86.Build.0 = Debug|Any CPU
		{41467B31-9F40-4005-BC47-9C9CF1699FE3}.Release|Any CPU.ActiveCfg = Release|Any CPU
		{41467B31-9F40-4005-BC47-9C9CF1699FE3}.Release|Any CPU.Build.0 = Release|Any CPU
		{41467B31-9F40-4005-BC47-9C9CF1699FE3}.Release|x64.ActiveCfg = Release|Any CPU
		{41467B31-9F40-4005-BC47-9C9CF1699FE3}.Release|x64.Build.0 = Release|Any CPU
		{41467B31-9F40-4005-BC47-9C9CF1699FE3}.Release|x86.ActiveCfg = Release|Any CPU
		{41467B31-9F40-4005-BC47-9C9CF1699FE3}.Release|x86.Build.0 = Release|Any CPU
		{C633B9F0-E174-4AE1-B0DC-21D2A2345C9E}.Debug|Any CPU.ActiveCfg = Debug|Any CPU
		{C633B9F0-E174-4AE1-B0DC-21D2A2345C9E}.Debug|Any CPU.Build.0 = Debug|Any CPU
		{C633B9F0-E174-4AE1-B0DC-21D2A2345C9E}.Debug|x64.ActiveCfg = Debug|Any CPU
		{C633B9F0-E174-4AE1-B0DC-21D2A2345C9E}.Debug|x64.Build.0 = Debug|Any CPU
		{C633B9F0-E174-4AE1-B0DC-21D2A2345C9E}.Debug|x86.ActiveCfg = Debug|Any CPU
		{C633B9F0-E174-4AE1-B0DC-21D2A2345C9E}.Debug|x86.Build.0 = Debug|Any CPU
		{C633B9F0-E174-4AE1-B0DC-21D2A2345C9E}.Release|Any CPU.ActiveCfg = Release|Any CPU
		{C633B9F0-E174-4AE1-B0DC-21D2A2345C9E}.Release|Any CPU.Build.0 = Release|Any CPU
		{C633B9F0-E174-4AE1-B0DC-21D2A2345C9E}.Release|x64.ActiveCfg = Release|Any CPU
		{C633B9F0-E174-4AE1-B0DC-21D2A2345C9E}.Release|x64.Build.0 = Release|Any CPU
		{C633B9F0-E174-4AE1-B0DC-21D2A2345C9E}.Release|x86.ActiveCfg = Release|Any CPU
		{C633B9F0-E174-4AE1-B0DC-21D2A2345C9E}.Release|x86.Build.0 = Release|Any CPU
		{05D2C994-2720-4999-A22F-D629219AF709}.Debug|Any CPU.ActiveCfg = Debug|Any CPU
		{05D2C994-2720-4999-A22F-D629219AF709}.Debug|Any CPU.Build.0 = Debug|Any CPU
		{05D2C994-2720-4999-A22F-D629219AF709}.Debug|x64.ActiveCfg = Debug|Any CPU
		{05D2C994-2720-4999-A22F-D629219AF709}.Debug|x64.Build.0 = Debug|Any CPU
		{05D2C994-2720-4999-A22F-D629219AF709}.Debug|x86.ActiveCfg = Debug|Any CPU
		{05D2C994-2720-4999-A22F-D629219AF709}.Debug|x86.Build.0 = Debug|Any CPU
		{05D2C994-2720-4999-A22F-D629219AF709}.Release|Any CPU.ActiveCfg = Release|Any CPU
		{05D2C994-2720-4999-A22F-D629219AF709}.Release|Any CPU.Build.0 = Release|Any CPU
		{05D2C994-2720-4999-A22F-D629219AF709}.Release|x64.ActiveCfg = Release|Any CPU
		{05D2C994-2720-4999-A22F-D629219AF709}.Release|x64.Build.0 = Release|Any CPU
		{05D2C994-2720-4999-A22F-D629219AF709}.Release|x86.ActiveCfg = Release|Any CPU
		{05D2C994-2720-4999-A22F-D629219AF709}.Release|x86.Build.0 = Release|Any CPU
	EndGlobalSection
	GlobalSection(SolutionProperties) = preSolution
		HideSolutionNode = FALSE
	EndGlobalSection
	GlobalSection(NestedProjects) = preSolution
		{6CEA6522-EA0A-4D21-AE8C-F76D475DB087} = {827E0CD3-B72D-47B6-A68D-7590B98EB39B}
		{1F1E7709-E939-4890-BD52-B3F02D700A40} = {827E0CD3-B72D-47B6-A68D-7590B98EB39B}
		{CDE414D9-E835-4709-B6AE-FA90F65C8E49} = {827E0CD3-B72D-47B6-A68D-7590B98EB39B}
		{AB0F1A5C-CAAA-41A8-A261-B6E41C746A1E} = {827E0CD3-B72D-47B6-A68D-7590B98EB39B}
		{41467B31-9F40-4005-BC47-9C9CF1699FE3} = {827E0CD3-B72D-47B6-A68D-7590B98EB39B}
		{C633B9F0-E174-4AE1-B0DC-21D2A2345C9E} = {827E0CD3-B72D-47B6-A68D-7590B98EB39B}
		{05D2C994-2720-4999-A22F-D629219AF709} = {827E0CD3-B72D-47B6-A68D-7590B98EB39B}
	EndGlobalSection
EndGlobal
