
Microsoft Visual Studio Solution File, Format Version 12.00
# Visual Studio Version 17
VisualStudioVersion = 17.14.36717.8 d17.14
MinimumVisualStudioVersion = 10.0.40219.1
Project("{FAE04EC0-301F-11D3-BF4B-00C04F79EFBC}") = "AIMeeting", "AIMeeting.csproj", "{A73BC582-2911-47C7-BAC7-37ACFABBCC42}"
EndProject
Global
	GlobalSection(SolutionConfigurationPlatforms) = preSolution
		Debug|Any CPU = Debug|Any CPU
		Release|Any CPU = Release|Any CPU
	EndGlobalSection
	GlobalSection(ProjectConfigurationPlatforms) = postSolution
		{A73BC582-2911-47C7-BAC7-37ACFABBCC42}.Debug|Any CPU.ActiveCfg = Debug|Any CPU
		{A73BC582-2911-47C7-BAC7-37ACFABBCC42}.Debug|Any CPU.Build.0 = Debug|Any CPU
		{A73BC582-2911-47C7-BAC7-37ACFABBCC42}.Release|Any CPU.ActiveCfg = Release|Any CPU
		{A73BC582-2911-47C7-BAC7-37ACFABBCC42}.Release|Any CPU.Build.0 = Release|Any CPU
	EndGlobalSection
	GlobalSection(SolutionProperties) = preSolution
		HideSolutionNode = FALSE
	EndGlobalSection
	GlobalSection(ExtensibilityGlobals) = postSolution
		SolutionGuid = {CA9304A6-543C-4DA6-A84E-6EC62F5C108C}
	EndGlobalSection
EndGlobal
